
Microsoft Visual Studio Solution File, Format Version 12.00
Project("{2150E333-8FDC-42A3-9474-1A3956D46DE8}") = ".paket", ".paket", "{543F16B2-DF03-4EBB-9DC7-E1104527236A}"
	ProjectSection(SolutionItems) = preProject
		paket.dependencies = paket.dependencies
	EndProjectSection
EndProject
Project("{2150E333-8FDC-42A3-9474-1A3956D46DE8}") = "src", "src", "{5D03F387-BF1D-4752-9736-C529A42C4F48}"
EndProject
Project("{2150E333-8FDC-42A3-9474-1A3956D46DE8}") = "test", "test", "{EEDE61AC-4B92-4865-BD3D-EA2B13A7CF57}"
EndProject
Project("{2150E333-8FDC-42A3-9474-1A3956D46DE8}") = "SolutionItems", "SolutionItems", "{31048724-CEBD-49F5-B488-0A4C3D397F9D}"
	ProjectSection(SolutionItems) = preProject
		docker-compose.yml = docker-compose.yml
		.gitignore = .gitignore
		otel-collector-config.yaml = otel-collector-config.yaml
		package.json = package.json
		global.json = global.json
		SolutionInfo.cs = SolutionInfo.cs
	EndProjectSection
EndProject
Project("{2150E333-8FDC-42A3-9474-1A3956D46DE8}") = "identityserver", "identityserver", "{580B24EC-9E76-455D-B55A-26E2B1E12F81}"
	ProjectSection(SolutionItems) = preProject
		identityserver\acm.json = identityserver\acm.json
		identityserver\vr.json = identityserver\vr.json
	EndProjectSection
EndProject
Project("{2150E333-8FDC-42A3-9474-1A3956D46DE8}") = ".github", ".github", "{39123255-1A6F-4F7E-9E07-92E321BF81E7}"
EndProject
Project("{2150E333-8FDC-42A3-9474-1A3956D46DE8}") = "build", "build", "{45409A2E-9E70-43AA-AE08-9A0A94D0ECA7}"
	ProjectSection(SolutionItems) = preProject
		build.fsx = build.fsx
		build.sh = build.sh
	EndProjectSection
EndProject
Project("{2150E333-8FDC-42A3-9474-1A3956D46DE8}") = "workflows", "workflows", "{08B212A4-3C12-4C55-834D-9AACD709979F}"
	ProjectSection(SolutionItems) = preProject
		.github\workflows\awscli.yml = .github\workflows\awscli.yml
		.github\workflows\build-image.yml = .github\workflows\build-image.yml
		.github\workflows\main.yml = .github\workflows\main.yml
		.github\workflows\otel.yml = .github\workflows\otel.yml
		.github\workflows\pre-merge-tests.yml = .github\workflows\pre-merge-tests.yml
		.github\workflows\staging-manual.yml = .github\workflows\staging-manual.yml
		.github\workflows\test-manual-ik4.yml = .github\workflows\test-manual-ik4.yml
		.github\workflows\test-manual.yml = .github\workflows\test-manual.yml
	EndProjectSection
EndProject
Project("{FAE04EC0-301F-11D3-BF4B-00C04F79EFBC}") = "AssociationRegistry.Invitations.Api", "src\AssociationRegistry.Invitations.Api\AssociationRegistry.Invitations.Api.csproj", "{41DF165A-28FB-4AF8-A692-0212A34459F4}"
EndProject
Project("{FAE04EC0-301F-11D3-BF4B-00C04F79EFBC}") = "AssociationRegistry.Invitations.Api.Tests", "test\AssociationRegistry.Invitations.Api.Tests\AssociationRegistry.Invitations.Api.Tests.csproj", "{CFB9F416-B520-452B-B4A8-BF5341C88E79}"
EndProject
Global
	GlobalSection(SolutionConfigurationPlatforms) = preSolution
		Debug|Any CPU = Debug|Any CPU
		Release|Any CPU = Release|Any CPU
	EndGlobalSection
	GlobalSection(ProjectConfigurationPlatforms) = postSolution
		{41DF165A-28FB-4AF8-A692-0212A34459F4}.Debug|Any CPU.ActiveCfg = Debug|Any CPU
		{41DF165A-28FB-4AF8-A692-0212A34459F4}.Debug|Any CPU.Build.0 = Debug|Any CPU
		{41DF165A-28FB-4AF8-A692-0212A34459F4}.Release|Any CPU.ActiveCfg = Release|Any CPU
		{41DF165A-28FB-4AF8-A692-0212A34459F4}.Release|Any CPU.Build.0 = Release|Any CPU
		{CFB9F416-B520-452B-B4A8-BF5341C88E79}.Debug|Any CPU.ActiveCfg = Debug|Any CPU
		{CFB9F416-B520-452B-B4A8-BF5341C88E79}.Debug|Any CPU.Build.0 = Debug|Any CPU
		{CFB9F416-B520-452B-B4A8-BF5341C88E79}.Release|Any CPU.ActiveCfg = Release|Any CPU
		{CFB9F416-B520-452B-B4A8-BF5341C88E79}.Release|Any CPU.Build.0 = Release|Any CPU
	EndGlobalSection
	GlobalSection(NestedProjects) = preSolution
		{580B24EC-9E76-455D-B55A-26E2B1E12F81} = {31048724-CEBD-49F5-B488-0A4C3D397F9D}
		{39123255-1A6F-4F7E-9E07-92E321BF81E7} = {31048724-CEBD-49F5-B488-0A4C3D397F9D}
		{45409A2E-9E70-43AA-AE08-9A0A94D0ECA7} = {31048724-CEBD-49F5-B488-0A4C3D397F9D}
		{08B212A4-3C12-4C55-834D-9AACD709979F} = {39123255-1A6F-4F7E-9E07-92E321BF81E7}
		{41DF165A-28FB-4AF8-A692-0212A34459F4} = {5D03F387-BF1D-4752-9736-C529A42C4F48}
		{CFB9F416-B520-452B-B4A8-BF5341C88E79} = {EEDE61AC-4B92-4865-BD3D-EA2B13A7CF57}
	EndGlobalSection
EndGlobal
